
Microsoft Visual Studio Solution File, Format Version 12.00
# Visual Studio Version 17
VisualStudioVersion = 17.4.33213.308
MinimumVisualStudioVersion = 10.0.40219.1
Project("{FAE04EC0-301F-11D3-BF4B-00C04F79EFBC}") = "AM.UI.Console", "AM.UI.Console\AM.UI.Console.csproj", "{FD15C590-5B44-4CB4-9F60-DCCA81847DFC}"
EndProject
Project("{FAE04EC0-301F-11D3-BF4B-00C04F79EFBC}") = "AM.ApplicationCore", "AM.ApplicationCore\AM.ApplicationCore.csproj", "{9AFB850D-74DB-46F8-8913-5FC7232119A3}"
EndProject
Global
	GlobalSection(SolutionConfigurationPlatforms) = preSolution
		Debug|Any CPU = Debug|Any CPU
		Release|Any CPU = Release|Any CPU
	EndGlobalSection
	GlobalSection(ProjectConfigurationPlatforms) = postSolution
		{FD15C590-5B44-4CB4-9F60-DCCA81847DFC}.Debug|Any CPU.ActiveCfg = Debug|Any CPU
		{FD15C590-5B44-4CB4-9F60-DCCA81847DFC}.Debug|Any CPU.Build.0 = Debug|Any CPU
		{FD15C590-5B44-4CB4-9F60-DCCA81847DFC}.Release|Any CPU.ActiveCfg = Release|Any CPU
		{FD15C590-5B44-4CB4-9F60-DCCA81847DFC}.Release|Any CPU.Build.0 = Release|Any CPU
		{9AFB850D-74DB-46F8-8913-5FC7232119A3}.Debug|Any CPU.ActiveCfg = Debug|Any CPU
		{9AFB850D-74DB-46F8-8913-5FC7232119A3}.Debug|Any CPU.Build.0 = Debug|Any CPU
		{9AFB850D-74DB-46F8-8913-5FC7232119A3}.Release|Any CPU.ActiveCfg = Release|Any CPU
		{9AFB850D-74DB-46F8-8913-5FC7232119A3}.Release|Any CPU.Build.0 = Release|Any CPU
	EndGlobalSection
	GlobalSection(SolutionProperties) = preSolution
		HideSolutionNode = FALSE
	EndGlobalSection
	GlobalSection(ExtensibilityGlobals) = postSolution
		SolutionGuid = {C8855976-AE50-4C2C-99B6-2E3AD7E41277}
	EndGlobalSection
EndGlobal
